// !$*UTF8*$!
{
	archiveVersion = 1;
	classes = {
	};
	objectVersion = 46;
	objects = {

/* Begin PBXBuildFile section */
		181E639F1B41174800519B92 /* SPListingViewType.swift in Sources */ = {isa = PBXBuildFile; fileRef = 181E639E1B41174800519B92 /* SPListingViewType.swift */; };
		1899F6EA1B3C1336002F038B /* SwiftUI.framework in Frameworks */ = {isa = PBXBuildFile; fileRef = 2838CB5A1B3418B80010D5D0 /* SwiftUI.framework */; };
		1899F7101B3C1398002F038B /* SPCollectionViewDatasourceTests.swift in Sources */ = {isa = PBXBuildFile; fileRef = 1899F6F91B3C1398002F038B /* SPCollectionViewDatasourceTests.swift */; };
		1899F7111B3C1398002F038B /* SPCollectionViewLayoutTests.swift in Sources */ = {isa = PBXBuildFile; fileRef = 1899F6FA1B3C1398002F038B /* SPCollectionViewLayoutTests.swift */; };
		1899F7121B3C1398002F038B /* SPCollectionViewTests.swift in Sources */ = {isa = PBXBuildFile; fileRef = 1899F6FB1B3C1398002F038B /* SPCollectionViewTests.swift */; };
		1899F7131B3C1398002F038B /* SPCollectionViewTestVC.swift in Sources */ = {isa = PBXBuildFile; fileRef = 1899F6FC1B3C1398002F038B /* SPCollectionViewTestVC.swift */; };
		1899F7141B3C1398002F038B /* SPColumnBasedVerticalLayoutTests.swift in Sources */ = {isa = PBXBuildFile; fileRef = 1899F6FD1B3C1398002F038B /* SPColumnBasedVerticalLayoutTests.swift */; };
		1899F7151B3C1398002F038B /* SPFixedColumnRowHorizontalLayoutTests.swift in Sources */ = {isa = PBXBuildFile; fileRef = 1899F6FE1B3C1398002F038B /* SPFixedColumnRowHorizontalLayoutTests.swift */; };
		1899F7161B3C1398002F038B /* SPFixedColumnRowLayoutTests.swift in Sources */ = {isa = PBXBuildFile; fileRef = 1899F6FF1B3C1398002F038B /* SPFixedColumnRowLayoutTests.swift */; };
		1899F7171B3C1398002F038B /* SPFixedColumnRowVerticalLayoutTests.swift in Sources */ = {isa = PBXBuildFile; fileRef = 1899F7001B3C1398002F038B /* SPFixedColumnRowVerticalLayoutTests.swift */; };
		1899F7181B3C1398002F038B /* SPTitleTestCCell.swift in Sources */ = {isa = PBXBuildFile; fileRef = 1899F7011B3C1398002F038B /* SPTitleTestCCell.swift */; };
		1899F7191B3C1398002F038B /* SPTitleTestCCell.xib in Resources */ = {isa = PBXBuildFile; fileRef = 1899F7021B3C1398002F038B /* SPTitleTestCCell.xib */; };
		1899F71A1B3C1398002F038B /* SPCollectionViewSectionTests.swift in Sources */ = {isa = PBXBuildFile; fileRef = 1899F7041B3C1398002F038B /* SPCollectionViewSectionTests.swift */; };
		1899F71B1B3C1398002F038B /* SPListingCellGroupTests.swift in Sources */ = {isa = PBXBuildFile; fileRef = 1899F7051B3C1398002F038B /* SPListingCellGroupTests.swift */; };
		1899F71C1B3C1398002F038B /* SPListingDataTests.swift in Sources */ = {isa = PBXBuildFile; fileRef = 1899F7061B3C1398002F038B /* SPListingDataTests.swift */; };
		1899F71D1B3C1398002F038B /* SPListingSectionTests.swift in Sources */ = {isa = PBXBuildFile; fileRef = 1899F7071B3C1398002F038B /* SPListingSectionTests.swift */; };
		1899F71E1B3C1398002F038B /* SPTableViewSectionTests.swift in Sources */ = {isa = PBXBuildFile; fileRef = 1899F7081B3C1398002F038B /* SPTableViewSectionTests.swift */; };
		1899F71F1B3C1398002F038B /* SPTestStoryboard.storyboard in Resources */ = {isa = PBXBuildFile; fileRef = 1899F7091B3C1398002F038B /* SPTestStoryboard.storyboard */; };
		1899F7201B3C1398002F038B /* SPTableViewDataSourceTests.swift in Sources */ = {isa = PBXBuildFile; fileRef = 1899F70B1B3C1398002F038B /* SPTableViewDataSourceTests.swift */; };
		1899F7211B3C1398002F038B /* SPTableViewTests.swift in Sources */ = {isa = PBXBuildFile; fileRef = 1899F70C1B3C1398002F038B /* SPTableViewTests.swift */; };
		1899F7221B3C1398002F038B /* SPTableViewTestVC.swift in Sources */ = {isa = PBXBuildFile; fileRef = 1899F70D1B3C1398002F038B /* SPTableViewTestVC.swift */; };
		1899F7231B3C1398002F038B /* SPTitleTestCell.swift in Sources */ = {isa = PBXBuildFile; fileRef = 1899F70E1B3C1398002F038B /* SPTitleTestCell.swift */; };
		1899F7241B3C1398002F038B /* SPTitleTestNibCell.xib in Resources */ = {isa = PBXBuildFile; fileRef = 1899F70F1B3C1398002F038B /* SPTitleTestNibCell.xib */; };
		2838CB5E1B3418B80010D5D0 /* SwiftUI.h in Headers */ = {isa = PBXBuildFile; fileRef = 2838CB5D1B3418B80010D5D0 /* SwiftUI.h */; settings = {ATTRIBUTES = (Public, ); }; };
		2838CBA31B3419820010D5D0 /* SPCollectionView.swift in Sources */ = {isa = PBXBuildFile; fileRef = 2838CB781B3419820010D5D0 /* SPCollectionView.swift */; };
		2838CBA41B3419820010D5D0 /* SPCollectionViewLayout.swift in Sources */ = {isa = PBXBuildFile; fileRef = 2838CB7A1B3419820010D5D0 /* SPCollectionViewLayout.swift */; };
		2838CBA51B3419820010D5D0 /* SPCollectionViewLayoutDelegate.swift in Sources */ = {isa = PBXBuildFile; fileRef = 2838CB7B1B3419820010D5D0 /* SPCollectionViewLayoutDelegate.swift */; };
		2838CBA61B3419820010D5D0 /* SPColumnBasedSpaceOptimizedVerticalLayout.swift in Sources */ = {isa = PBXBuildFile; fileRef = 2838CB7C1B3419820010D5D0 /* SPColumnBasedSpaceOptimizedVerticalLayout.swift */; };
		2838CBA71B3419820010D5D0 /* SPColumnBasedSpaceOptimizedVerticalLayoutDelegate.swift in Sources */ = {isa = PBXBuildFile; fileRef = 2838CB7D1B3419820010D5D0 /* SPColumnBasedSpaceOptimizedVerticalLayoutDelegate.swift */; };
		2838CBA81B3419820010D5D0 /* SPColumnBasedVerticalLayoutDelegate.swift in Sources */ = {isa = PBXBuildFile; fileRef = 2838CB7E1B3419820010D5D0 /* SPColumnBasedVerticalLayoutDelegate.swift */; };
		2838CBA91B3419820010D5D0 /* SPFixedColumnRowHorizontalLayout.swift in Sources */ = {isa = PBXBuildFile; fileRef = 2838CB7F1B3419820010D5D0 /* SPFixedColumnRowHorizontalLayout.swift */; };
		2838CBAA1B3419820010D5D0 /* SPFixedColumnRowHorizontalLayoutDelegate.swift in Sources */ = {isa = PBXBuildFile; fileRef = 2838CB801B3419820010D5D0 /* SPFixedColumnRowHorizontalLayoutDelegate.swift */; };
		2838CBAB1B3419820010D5D0 /* SPFixedColumnRowLayout.swift in Sources */ = {isa = PBXBuildFile; fileRef = 2838CB811B3419820010D5D0 /* SPFixedColumnRowLayout.swift */; };
		2838CBAC1B3419820010D5D0 /* SPFixedColumnRowLayoutDelegate.swift in Sources */ = {isa = PBXBuildFile; fileRef = 2838CB821B3419820010D5D0 /* SPFixedColumnRowLayoutDelegate.swift */; };
		2838CBAD1B3419820010D5D0 /* SPFixedColumnRowVerticalLayout.swift in Sources */ = {isa = PBXBuildFile; fileRef = 2838CB831B3419820010D5D0 /* SPFixedColumnRowVerticalLayout.swift */; };
		2838CBAE1B3419820010D5D0 /* SPFixedColumnRowVerticalLayoutDelegate.swift in Sources */ = {isa = PBXBuildFile; fileRef = 2838CB841B3419820010D5D0 /* SPFixedColumnRowVerticalLayoutDelegate.swift */; };
		2838CBAF1B3419820010D5D0 /* SPListingColumnBasedLayout.swift in Sources */ = {isa = PBXBuildFile; fileRef = 2838CB851B3419820010D5D0 /* SPListingColumnBasedLayout.swift */; };
		2838CBB01B3419820010D5D0 /* SPListingColumnBasedLayoutDelegate.swift in Sources */ = {isa = PBXBuildFile; fileRef = 2838CB861B3419820010D5D0 /* SPListingColumnBasedLayoutDelegate.swift */; };
		2838CBB11B3419820010D5D0 /* SPListingColumnBasedLayoutInvalidationContext.swift in Sources */ = {isa = PBXBuildFile; fileRef = 2838CB871B3419820010D5D0 /* SPListingColumnBasedLayoutInvalidationContext.swift */; };
		2838CBB21B3419820010D5D0 /* SPStraightLayout.swift in Sources */ = {isa = PBXBuildFile; fileRef = 2838CB881B3419820010D5D0 /* SPStraightLayout.swift */; };
		2838CBB31B3419820010D5D0 /* SPStraightVerticalLayout.swift in Sources */ = {isa = PBXBuildFile; fileRef = 2838CB891B3419820010D5D0 /* SPStraightVerticalLayout.swift */; };
		2838CBB41B3419820010D5D0 /* SPCollectionViewDataSource.swift in Sources */ = {isa = PBXBuildFile; fileRef = 2838CB8B1B3419820010D5D0 /* SPCollectionViewDataSource.swift */; };
		2838CBB71B3419820010D5D0 /* SPTableViewDatasource.swift in Sources */ = {isa = PBXBuildFile; fileRef = 2838CB901B3419820010D5D0 /* SPTableViewDatasource.swift */; };
		2838CBB81B3419820010D5D0 /* SPTable+RegisterCells.swift in Sources */ = {isa = PBXBuildFile; fileRef = 2838CB921B3419820010D5D0 /* SPTable+RegisterCells.swift */; };
		2838CBB91B3419820010D5D0 /* SPTableView.swift in Sources */ = {isa = PBXBuildFile; fileRef = 2838CB931B3419820010D5D0 /* SPTableView.swift */; };
		2838CBBF1B3419820010D5D0 /* SPCellProtocol.swift in Sources */ = {isa = PBXBuildFile; fileRef = 2838CB9C1B3419820010D5D0 /* SPCellProtocol.swift */; };
		2838CBC21B3419820010D5D0 /* SPSegmentControllerHolderController.swift in Sources */ = {isa = PBXBuildFile; fileRef = 2838CBA01B3419820010D5D0 /* SPSegmentControllerHolderController.swift */; };
		2838CBC31B3419820010D5D0 /* SPLogger.swift in Sources */ = {isa = PBXBuildFile; fileRef = 2838CBA11B3419820010D5D0 /* SPLogger.swift */; };
		2838CBC41B3419820010D5D0 /* SPUIHelper.swift in Sources */ = {isa = PBXBuildFile; fileRef = 2838CBA21B3419820010D5D0 /* SPUIHelper.swift */; };
		28DF814A1B3D8BB50013E090 /* ArrayWrapperType.swift in Sources */ = {isa = PBXBuildFile; fileRef = 28DF81441B3D8BB50013E090 /* ArrayWrapperType.swift */; };
		28DF814B1B3D8BB50013E090 /* CollectionViewSection.swift in Sources */ = {isa = PBXBuildFile; fileRef = 28DF81451B3D8BB50013E090 /* CollectionViewSection.swift */; };
		28DF814C1B3D8BB50013E090 /* ListingData.swift in Sources */ = {isa = PBXBuildFile; fileRef = 28DF81461B3D8BB50013E090 /* ListingData.swift */; };
		28DF814D1B3D8BB50013E090 /* SectionType.swift in Sources */ = {isa = PBXBuildFile; fileRef = 28DF81471B3D8BB50013E090 /* SectionType.swift */; };
		28DF814E1B3D8BB50013E090 /* TableViewSection.swift in Sources */ = {isa = PBXBuildFile; fileRef = 28DF81481B3D8BB50013E090 /* TableViewSection.swift */; };
		28DF814F1B3D8BB50013E090 /* ViewModelType.swift in Sources */ = {isa = PBXBuildFile; fileRef = 28DF81491B3D8BB50013E090 /* ViewModelType.swift */; };
/* End PBXBuildFile section */

/* Begin PBXContainerItemProxy section */
		1899F6EB1B3C1336002F038B /* PBXContainerItemProxy */ = {
			isa = PBXContainerItemProxy;
			containerPortal = 2838CB511B3418B80010D5D0 /* Project object */;
			proxyType = 1;
			remoteGlobalIDString = 2838CB591B3418B80010D5D0;
			remoteInfo = SwiftUI;
		};
/* End PBXContainerItemProxy section */

/* Begin PBXFileReference section */
		181E639E1B41174800519B92 /* SPListingViewType.swift */ = {isa = PBXFileReference; fileEncoding = 4; lastKnownFileType = sourcecode.swift; path = SPListingViewType.swift; sourceTree = "<group>"; };
		1899F6E51B3C1336002F038B /* SwiftUI Tests.xctest */ = {isa = PBXFileReference; explicitFileType = wrapper.cfbundle; includeInIndex = 0; path = "SwiftUI Tests.xctest"; sourceTree = BUILT_PRODUCTS_DIR; };
		1899F6E91B3C1336002F038B /* Info.plist */ = {isa = PBXFileReference; lastKnownFileType = text.plist.xml; path = Info.plist; sourceTree = "<group>"; };
		1899F6F91B3C1398002F038B /* SPCollectionViewDatasourceTests.swift */ = {isa = PBXFileReference; fileEncoding = 4; lastKnownFileType = sourcecode.swift; path = SPCollectionViewDatasourceTests.swift; sourceTree = "<group>"; };
		1899F6FA1B3C1398002F038B /* SPCollectionViewLayoutTests.swift */ = {isa = PBXFileReference; fileEncoding = 4; lastKnownFileType = sourcecode.swift; path = SPCollectionViewLayoutTests.swift; sourceTree = "<group>"; };
		1899F6FB1B3C1398002F038B /* SPCollectionViewTests.swift */ = {isa = PBXFileReference; fileEncoding = 4; lastKnownFileType = sourcecode.swift; path = SPCollectionViewTests.swift; sourceTree = "<group>"; };
		1899F6FC1B3C1398002F038B /* SPCollectionViewTestVC.swift */ = {isa = PBXFileReference; fileEncoding = 4; lastKnownFileType = sourcecode.swift; path = SPCollectionViewTestVC.swift; sourceTree = "<group>"; };
		1899F6FD1B3C1398002F038B /* SPColumnBasedVerticalLayoutTests.swift */ = {isa = PBXFileReference; fileEncoding = 4; lastKnownFileType = sourcecode.swift; path = SPColumnBasedVerticalLayoutTests.swift; sourceTree = "<group>"; };
		1899F6FE1B3C1398002F038B /* SPFixedColumnRowHorizontalLayoutTests.swift */ = {isa = PBXFileReference; fileEncoding = 4; lastKnownFileType = sourcecode.swift; path = SPFixedColumnRowHorizontalLayoutTests.swift; sourceTree = "<group>"; };
		1899F6FF1B3C1398002F038B /* SPFixedColumnRowLayoutTests.swift */ = {isa = PBXFileReference; fileEncoding = 4; lastKnownFileType = sourcecode.swift; path = SPFixedColumnRowLayoutTests.swift; sourceTree = "<group>"; };
		1899F7001B3C1398002F038B /* SPFixedColumnRowVerticalLayoutTests.swift */ = {isa = PBXFileReference; fileEncoding = 4; lastKnownFileType = sourcecode.swift; path = SPFixedColumnRowVerticalLayoutTests.swift; sourceTree = "<group>"; };
		1899F7011B3C1398002F038B /* SPTitleTestCCell.swift */ = {isa = PBXFileReference; fileEncoding = 4; lastKnownFileType = sourcecode.swift; path = SPTitleTestCCell.swift; sourceTree = "<group>"; };
		1899F7021B3C1398002F038B /* SPTitleTestCCell.xib */ = {isa = PBXFileReference; fileEncoding = 4; lastKnownFileType = file.xib; path = SPTitleTestCCell.xib; sourceTree = "<group>"; };
		1899F7041B3C1398002F038B /* SPCollectionViewSectionTests.swift */ = {isa = PBXFileReference; fileEncoding = 4; lastKnownFileType = sourcecode.swift; path = SPCollectionViewSectionTests.swift; sourceTree = "<group>"; };
		1899F7051B3C1398002F038B /* SPListingCellGroupTests.swift */ = {isa = PBXFileReference; fileEncoding = 4; lastKnownFileType = sourcecode.swift; path = SPListingCellGroupTests.swift; sourceTree = "<group>"; };
		1899F7061B3C1398002F038B /* SPListingDataTests.swift */ = {isa = PBXFileReference; fileEncoding = 4; lastKnownFileType = sourcecode.swift; path = SPListingDataTests.swift; sourceTree = "<group>"; };
		1899F7071B3C1398002F038B /* SPListingSectionTests.swift */ = {isa = PBXFileReference; fileEncoding = 4; lastKnownFileType = sourcecode.swift; path = SPListingSectionTests.swift; sourceTree = "<group>"; };
		1899F7081B3C1398002F038B /* SPTableViewSectionTests.swift */ = {isa = PBXFileReference; fileEncoding = 4; lastKnownFileType = sourcecode.swift; path = SPTableViewSectionTests.swift; sourceTree = "<group>"; };
		1899F7091B3C1398002F038B /* SPTestStoryboard.storyboard */ = {isa = PBXFileReference; fileEncoding = 4; lastKnownFileType = file.storyboard; path = SPTestStoryboard.storyboard; sourceTree = "<group>"; };
		1899F70B1B3C1398002F038B /* SPTableViewDataSourceTests.swift */ = {isa = PBXFileReference; fileEncoding = 4; lastKnownFileType = sourcecode.swift; path = SPTableViewDataSourceTests.swift; sourceTree = "<group>"; };
		1899F70C1B3C1398002F038B /* SPTableViewTests.swift */ = {isa = PBXFileReference; fileEncoding = 4; lastKnownFileType = sourcecode.swift; path = SPTableViewTests.swift; sourceTree = "<group>"; };
		1899F70D1B3C1398002F038B /* SPTableViewTestVC.swift */ = {isa = PBXFileReference; fileEncoding = 4; lastKnownFileType = sourcecode.swift; path = SPTableViewTestVC.swift; sourceTree = "<group>"; };
		1899F70E1B3C1398002F038B /* SPTitleTestCell.swift */ = {isa = PBXFileReference; fileEncoding = 4; lastKnownFileType = sourcecode.swift; path = SPTitleTestCell.swift; sourceTree = "<group>"; };
		1899F70F1B3C1398002F038B /* SPTitleTestNibCell.xib */ = {isa = PBXFileReference; fileEncoding = 4; lastKnownFileType = file.xib; path = SPTitleTestNibCell.xib; sourceTree = "<group>"; };
		2838CB5A1B3418B80010D5D0 /* SwiftUI.framework */ = {isa = PBXFileReference; explicitFileType = wrapper.framework; includeInIndex = 0; path = SwiftUI.framework; sourceTree = BUILT_PRODUCTS_DIR; };
		2838CB5D1B3418B80010D5D0 /* SwiftUI.h */ = {isa = PBXFileReference; lastKnownFileType = sourcecode.c.h; path = SwiftUI.h; sourceTree = "<group>"; };
		2838CB5F1B3418B80010D5D0 /* Info.plist */ = {isa = PBXFileReference; lastKnownFileType = text.plist.xml; path = Info.plist; sourceTree = "<group>"; };
		2838CB781B3419820010D5D0 /* SPCollectionView.swift */ = {isa = PBXFileReference; fileEncoding = 4; lastKnownFileType = sourcecode.swift; path = SPCollectionView.swift; sourceTree = "<group>"; };
		2838CB7A1B3419820010D5D0 /* SPCollectionViewLayout.swift */ = {isa = PBXFileReference; fileEncoding = 4; lastKnownFileType = sourcecode.swift; path = SPCollectionViewLayout.swift; sourceTree = "<group>"; };
		2838CB7B1B3419820010D5D0 /* SPCollectionViewLayoutDelegate.swift */ = {isa = PBXFileReference; fileEncoding = 4; lastKnownFileType = sourcecode.swift; path = SPCollectionViewLayoutDelegate.swift; sourceTree = "<group>"; };
		2838CB7C1B3419820010D5D0 /* SPColumnBasedSpaceOptimizedVerticalLayout.swift */ = {isa = PBXFileReference; fileEncoding = 4; lastKnownFileType = sourcecode.swift; path = SPColumnBasedSpaceOptimizedVerticalLayout.swift; sourceTree = "<group>"; };
		2838CB7D1B3419820010D5D0 /* SPColumnBasedSpaceOptimizedVerticalLayoutDelegate.swift */ = {isa = PBXFileReference; fileEncoding = 4; lastKnownFileType = sourcecode.swift; path = SPColumnBasedSpaceOptimizedVerticalLayoutDelegate.swift; sourceTree = "<group>"; };
		2838CB7E1B3419820010D5D0 /* SPColumnBasedVerticalLayoutDelegate.swift */ = {isa = PBXFileReference; fileEncoding = 4; lastKnownFileType = sourcecode.swift; path = SPColumnBasedVerticalLayoutDelegate.swift; sourceTree = "<group>"; };
		2838CB7F1B3419820010D5D0 /* SPFixedColumnRowHorizontalLayout.swift */ = {isa = PBXFileReference; fileEncoding = 4; lastKnownFileType = sourcecode.swift; path = SPFixedColumnRowHorizontalLayout.swift; sourceTree = "<group>"; };
		2838CB801B3419820010D5D0 /* SPFixedColumnRowHorizontalLayoutDelegate.swift */ = {isa = PBXFileReference; fileEncoding = 4; lastKnownFileType = sourcecode.swift; path = SPFixedColumnRowHorizontalLayoutDelegate.swift; sourceTree = "<group>"; };
		2838CB811B3419820010D5D0 /* SPFixedColumnRowLayout.swift */ = {isa = PBXFileReference; fileEncoding = 4; lastKnownFileType = sourcecode.swift; path = SPFixedColumnRowLayout.swift; sourceTree = "<group>"; };
		2838CB821B3419820010D5D0 /* SPFixedColumnRowLayoutDelegate.swift */ = {isa = PBXFileReference; fileEncoding = 4; lastKnownFileType = sourcecode.swift; path = SPFixedColumnRowLayoutDelegate.swift; sourceTree = "<group>"; };
		2838CB831B3419820010D5D0 /* SPFixedColumnRowVerticalLayout.swift */ = {isa = PBXFileReference; fileEncoding = 4; lastKnownFileType = sourcecode.swift; path = SPFixedColumnRowVerticalLayout.swift; sourceTree = "<group>"; };
		2838CB841B3419820010D5D0 /* SPFixedColumnRowVerticalLayoutDelegate.swift */ = {isa = PBXFileReference; fileEncoding = 4; lastKnownFileType = sourcecode.swift; path = SPFixedColumnRowVerticalLayoutDelegate.swift; sourceTree = "<group>"; };
		2838CB851B3419820010D5D0 /* SPListingColumnBasedLayout.swift */ = {isa = PBXFileReference; fileEncoding = 4; lastKnownFileType = sourcecode.swift; path = SPListingColumnBasedLayout.swift; sourceTree = "<group>"; };
		2838CB861B3419820010D5D0 /* SPListingColumnBasedLayoutDelegate.swift */ = {isa = PBXFileReference; fileEncoding = 4; lastKnownFileType = sourcecode.swift; path = SPListingColumnBasedLayoutDelegate.swift; sourceTree = "<group>"; };
		2838CB871B3419820010D5D0 /* SPListingColumnBasedLayoutInvalidationContext.swift */ = {isa = PBXFileReference; fileEncoding = 4; lastKnownFileType = sourcecode.swift; path = SPListingColumnBasedLayoutInvalidationContext.swift; sourceTree = "<group>"; };
		2838CB881B3419820010D5D0 /* SPStraightLayout.swift */ = {isa = PBXFileReference; fileEncoding = 4; lastKnownFileType = sourcecode.swift; path = SPStraightLayout.swift; sourceTree = "<group>"; };
		2838CB891B3419820010D5D0 /* SPStraightVerticalLayout.swift */ = {isa = PBXFileReference; fileEncoding = 4; lastKnownFileType = sourcecode.swift; path = SPStraightVerticalLayout.swift; sourceTree = "<group>"; };
		2838CB8B1B3419820010D5D0 /* SPCollectionViewDataSource.swift */ = {isa = PBXFileReference; fileEncoding = 4; lastKnownFileType = sourcecode.swift; path = SPCollectionViewDataSource.swift; sourceTree = "<group>"; };
		2838CB901B3419820010D5D0 /* SPTableViewDatasource.swift */ = {isa = PBXFileReference; fileEncoding = 4; lastKnownFileType = sourcecode.swift; path = SPTableViewDatasource.swift; sourceTree = "<group>"; };
		2838CB921B3419820010D5D0 /* SPTable+RegisterCells.swift */ = {isa = PBXFileReference; fileEncoding = 4; lastKnownFileType = sourcecode.swift; path = "SPTable+RegisterCells.swift"; sourceTree = "<group>"; };
		2838CB931B3419820010D5D0 /* SPTableView.swift */ = {isa = PBXFileReference; fileEncoding = 4; lastKnownFileType = sourcecode.swift; path = SPTableView.swift; sourceTree = "<group>"; };
		2838CB9C1B3419820010D5D0 /* SPCellProtocol.swift */ = {isa = PBXFileReference; fileEncoding = 4; lastKnownFileType = sourcecode.swift; path = SPCellProtocol.swift; sourceTree = "<group>"; };
		2838CB9E1B3419820010D5D0 /* README.md */ = {isa = PBXFileReference; fileEncoding = 4; lastKnownFileType = net.daringfireball.markdown; path = README.md; sourceTree = "<group>"; };
		2838CBA01B3419820010D5D0 /* SPSegmentControllerHolderController.swift */ = {isa = PBXFileReference; fileEncoding = 4; lastKnownFileType = sourcecode.swift; path = SPSegmentControllerHolderController.swift; sourceTree = "<group>"; };
		2838CBA11B3419820010D5D0 /* SPLogger.swift */ = {isa = PBXFileReference; fileEncoding = 4; lastKnownFileType = sourcecode.swift; path = SPLogger.swift; sourceTree = "<group>"; };
		2838CBA21B3419820010D5D0 /* SPUIHelper.swift */ = {isa = PBXFileReference; fileEncoding = 4; lastKnownFileType = sourcecode.swift; path = SPUIHelper.swift; sourceTree = "<group>"; };
		28DF81441B3D8BB50013E090 /* ArrayWrapperType.swift */ = {isa = PBXFileReference; fileEncoding = 4; lastKnownFileType = sourcecode.swift; path = ArrayWrapperType.swift; sourceTree = "<group>"; };
		28DF81451B3D8BB50013E090 /* CollectionViewSection.swift */ = {isa = PBXFileReference; fileEncoding = 4; lastKnownFileType = sourcecode.swift; path = CollectionViewSection.swift; sourceTree = "<group>"; };
		28DF81461B3D8BB50013E090 /* ListingData.swift */ = {isa = PBXFileReference; fileEncoding = 4; lastKnownFileType = sourcecode.swift; path = ListingData.swift; sourceTree = "<group>"; };
		28DF81471B3D8BB50013E090 /* SectionType.swift */ = {isa = PBXFileReference; fileEncoding = 4; lastKnownFileType = sourcecode.swift; path = SectionType.swift; sourceTree = "<group>"; };
		28DF81481B3D8BB50013E090 /* TableViewSection.swift */ = {isa = PBXFileReference; fileEncoding = 4; lastKnownFileType = sourcecode.swift; path = TableViewSection.swift; sourceTree = "<group>"; };
		28DF81491B3D8BB50013E090 /* ViewModelType.swift */ = {isa = PBXFileReference; fileEncoding = 4; lastKnownFileType = sourcecode.swift; path = ViewModelType.swift; sourceTree = "<group>"; };
/* End PBXFileReference section */

/* Begin PBXFrameworksBuildPhase section */
		1899F6E21B3C1336002F038B /* Frameworks */ = {
			isa = PBXFrameworksBuildPhase;
			buildActionMask = 2147483647;
			files = (
				1899F6EA1B3C1336002F038B /* SwiftUI.framework in Frameworks */,
			);
			runOnlyForDeploymentPostprocessing = 0;
		};
		2838CB561B3418B80010D5D0 /* Frameworks */ = {
			isa = PBXFrameworksBuildPhase;
			buildActionMask = 2147483647;
			files = (
			);
			runOnlyForDeploymentPostprocessing = 0;
		};
/* End PBXFrameworksBuildPhase section */

/* Begin PBXGroup section */
		1899F6E61B3C1336002F038B /* SwiftUI Tests */ = {
			isa = PBXGroup;
			children = (
				1899F7091B3C1398002F038B /* SPTestStoryboard.storyboard */,
				1899F7031B3C1398002F038B /* Listing Data */,
				1899F70A1B3C1398002F038B /* TableView */,
				1899F6F81B3C1398002F038B /* CollectionView */,
				1899F6E91B3C1336002F038B /* Info.plist */,
			);
			path = "SwiftUI Tests";
			sourceTree = "<group>";
		};
		1899F6F81B3C1398002F038B /* CollectionView */ = {
			isa = PBXGroup;
			children = (
				1899F6F91B3C1398002F038B /* SPCollectionViewDatasourceTests.swift */,
				1899F6FA1B3C1398002F038B /* SPCollectionViewLayoutTests.swift */,
				1899F6FB1B3C1398002F038B /* SPCollectionViewTests.swift */,
				1899F6FC1B3C1398002F038B /* SPCollectionViewTestVC.swift */,
				1899F6FD1B3C1398002F038B /* SPColumnBasedVerticalLayoutTests.swift */,
				1899F6FE1B3C1398002F038B /* SPFixedColumnRowHorizontalLayoutTests.swift */,
				1899F6FF1B3C1398002F038B /* SPFixedColumnRowLayoutTests.swift */,
				1899F7001B3C1398002F038B /* SPFixedColumnRowVerticalLayoutTests.swift */,
				1899F7011B3C1398002F038B /* SPTitleTestCCell.swift */,
				1899F7021B3C1398002F038B /* SPTitleTestCCell.xib */,
			);
			path = CollectionView;
			sourceTree = "<group>";
		};
		1899F7031B3C1398002F038B /* Listing Data */ = {
			isa = PBXGroup;
			children = (
				1899F7041B3C1398002F038B /* SPCollectionViewSectionTests.swift */,
				1899F7051B3C1398002F038B /* SPListingCellGroupTests.swift */,
				1899F7061B3C1398002F038B /* SPListingDataTests.swift */,
				1899F7071B3C1398002F038B /* SPListingSectionTests.swift */,
				1899F7081B3C1398002F038B /* SPTableViewSectionTests.swift */,
			);
			path = "Listing Data";
			sourceTree = "<group>";
		};
		1899F70A1B3C1398002F038B /* TableView */ = {
			isa = PBXGroup;
			children = (
				1899F70B1B3C1398002F038B /* SPTableViewDataSourceTests.swift */,
				1899F70C1B3C1398002F038B /* SPTableViewTests.swift */,
				1899F70D1B3C1398002F038B /* SPTableViewTestVC.swift */,
				1899F70E1B3C1398002F038B /* SPTitleTestCell.swift */,
				1899F70F1B3C1398002F038B /* SPTitleTestNibCell.xib */,
			);
			path = TableView;
			sourceTree = "<group>";
		};
		2838CB501B3418B80010D5D0 = {
			isa = PBXGroup;
			children = (
				2838CB5C1B3418B80010D5D0 /* SwiftUI */,
				1899F6E61B3C1336002F038B /* SwiftUI Tests */,
				2838CB5B1B3418B80010D5D0 /* Products */,
			);
			sourceTree = "<group>";
		};
		2838CB5B1B3418B80010D5D0 /* Products */ = {
			isa = PBXGroup;
			children = (
				2838CB5A1B3418B80010D5D0 /* SwiftUI.framework */,
				1899F6E51B3C1336002F038B /* SwiftUI Tests.xctest */,
			);
			name = Products;
			sourceTree = "<group>";
		};
		2838CB5C1B3418B80010D5D0 /* SwiftUI */ = {
			isa = PBXGroup;
			children = (
				2838CB9E1B3419820010D5D0 /* README.md */,
				2838CBA11B3419820010D5D0 /* SPLogger.swift */,
				2838CBA21B3419820010D5D0 /* SPUIHelper.swift */,
				2838CB751B3419820010D5D0 /* Listing Automation */,
				2838CB9F1B3419820010D5D0 /* Segmented Controllers */,
				2838CB741B3419660010D5D0 /* Metadata */,
			);
			path = SwiftUI;
			sourceTree = "<group>";
		};
		2838CB741B3419660010D5D0 /* Metadata */ = {
			isa = PBXGroup;
			children = (
				2838CB5D1B3418B80010D5D0 /* SwiftUI.h */,
				2838CB5F1B3418B80010D5D0 /* Info.plist */,
			);
			path = Metadata;
			sourceTree = "<group>";
		};
		2838CB751B3419820010D5D0 /* Listing Automation */ = {
			isa = PBXGroup;
			children = (
				2838CB941B3419820010D5D0 /* Data */,
				28823EC91B3E859E00FA6022 /* Cell */,
				181E639E1B41174800519B92 /* SPListingViewType.swift */,
				2838CB8C1B3419820010D5D0 /* Table */,
				2838CB761B3419820010D5D0 /* Collection */,
			);
			path = "Listing Automation";
			sourceTree = "<group>";
		};
		2838CB761B3419820010D5D0 /* Collection */ = {
			isa = PBXGroup;
			children = (
				2838CB8B1B3419820010D5D0 /* SPCollectionViewDataSource.swift */,
				2838CB771B3419820010D5D0 /* CollectionView */,
				2838CB791B3419820010D5D0 /* Layouts */,
			);
			path = Collection;
			sourceTree = "<group>";
		};
		2838CB771B3419820010D5D0 /* CollectionView */ = {
			isa = PBXGroup;
			children = (
				2838CB781B3419820010D5D0 /* SPCollectionView.swift */,
			);
			path = CollectionView;
			sourceTree = "<group>";
		};
		2838CB791B3419820010D5D0 /* Layouts */ = {
			isa = PBXGroup;
			children = (
				2838CB7A1B3419820010D5D0 /* SPCollectionViewLayout.swift */,
				2838CB7B1B3419820010D5D0 /* SPCollectionViewLayoutDelegate.swift */,
				2838CB7C1B3419820010D5D0 /* SPColumnBasedSpaceOptimizedVerticalLayout.swift */,
				2838CB7D1B3419820010D5D0 /* SPColumnBasedSpaceOptimizedVerticalLayoutDelegate.swift */,
				2838CB7E1B3419820010D5D0 /* SPColumnBasedVerticalLayoutDelegate.swift */,
				2838CB7F1B3419820010D5D0 /* SPFixedColumnRowHorizontalLayout.swift */,
				2838CB801B3419820010D5D0 /* SPFixedColumnRowHorizontalLayoutDelegate.swift */,
				2838CB811B3419820010D5D0 /* SPFixedColumnRowLayout.swift */,
				2838CB821B3419820010D5D0 /* SPFixedColumnRowLayoutDelegate.swift */,
				2838CB831B3419820010D5D0 /* SPFixedColumnRowVerticalLayout.swift */,
				2838CB841B3419820010D5D0 /* SPFixedColumnRowVerticalLayoutDelegate.swift */,
				2838CB851B3419820010D5D0 /* SPListingColumnBasedLayout.swift */,
				2838CB861B3419820010D5D0 /* SPListingColumnBasedLayoutDelegate.swift */,
				2838CB871B3419820010D5D0 /* SPListingColumnBasedLayoutInvalidationContext.swift */,
				2838CB881B3419820010D5D0 /* SPStraightLayout.swift */,
				2838CB891B3419820010D5D0 /* SPStraightVerticalLayout.swift */,
			);
			path = Layouts;
			sourceTree = "<group>";
		};
		2838CB8C1B3419820010D5D0 /* Table */ = {
			isa = PBXGroup;
			children = (
				2838CB901B3419820010D5D0 /* SPTableViewDatasource.swift */,
				2838CB911B3419820010D5D0 /* TableView */,
			);
			path = Table;
			sourceTree = "<group>";
		};
		2838CB911B3419820010D5D0 /* TableView */ = {
			isa = PBXGroup;
			children = (
				2838CB931B3419820010D5D0 /* SPTableView.swift */,
				2838CB921B3419820010D5D0 /* SPTable+RegisterCells.swift */,
			);
			path = TableView;
			sourceTree = "<group>";
		};
		2838CB941B3419820010D5D0 /* Data */ = {
			isa = PBXGroup;
			children = (
				28DF81441B3D8BB50013E090 /* ArrayWrapperType.swift */,
				28DF81461B3D8BB50013E090 /* ListingData.swift */,
				28DF81471B3D8BB50013E090 /* SectionType.swift */,
				28DF81481B3D8BB50013E090 /* TableViewSection.swift */,
				28DF81451B3D8BB50013E090 /* CollectionViewSection.swift */,
				28DF81491B3D8BB50013E090 /* ViewModelType.swift */,
			);
			path = Data;
			sourceTree = "<group>";
		};
		2838CB9F1B3419820010D5D0 /* Segmented Controllers */ = {
			isa = PBXGroup;
			children = (
				2838CBA01B3419820010D5D0 /* SPSegmentControllerHolderController.swift */,
			);
			path = "Segmented Controllers";
			sourceTree = "<group>";
		};
		28823EC91B3E859E00FA6022 /* Cell */ = {
			isa = PBXGroup;
			children = (
				2838CB9C1B3419820010D5D0 /* SPCellProtocol.swift */,
			);
			path = Cell;
			sourceTree = "<group>";
		};
/* End PBXGroup section */

/* Begin PBXHeadersBuildPhase section */
		2838CB571B3418B80010D5D0 /* Headers */ = {
			isa = PBXHeadersBuildPhase;
			buildActionMask = 2147483647;
			files = (
				2838CB5E1B3418B80010D5D0 /* SwiftUI.h in Headers */,
			);
			runOnlyForDeploymentPostprocessing = 0;
		};
/* End PBXHeadersBuildPhase section */

/* Begin PBXNativeTarget section */
		1899F6E41B3C1336002F038B /* SwiftUI Tests */ = {
			isa = PBXNativeTarget;
			buildConfigurationList = 1899F6EF1B3C1336002F038B /* Build configuration list for PBXNativeTarget "SwiftUI Tests" */;
			buildPhases = (
				1899F6E11B3C1336002F038B /* Sources */,
				1899F6E21B3C1336002F038B /* Frameworks */,
				1899F6E31B3C1336002F038B /* Resources */,
			);
			buildRules = (
			);
			dependencies = (
				1899F6EC1B3C1336002F038B /* PBXTargetDependency */,
			);
			name = "SwiftUI Tests";
			productName = "SwiftUI Tests";
			productReference = 1899F6E51B3C1336002F038B /* SwiftUI Tests.xctest */;
			productType = "com.apple.product-type.bundle.unit-test";
		};
		2838CB591B3418B80010D5D0 /* SwiftUI */ = {
			isa = PBXNativeTarget;
			buildConfigurationList = 2838CB6E1B3418B90010D5D0 /* Build configuration list for PBXNativeTarget "SwiftUI" */;
			buildPhases = (
				2838CB551B3418B80010D5D0 /* Sources */,
				2838CB561B3418B80010D5D0 /* Frameworks */,
				2838CB571B3418B80010D5D0 /* Headers */,
				2838CB581B3418B80010D5D0 /* Resources */,
			);
			buildRules = (
			);
			dependencies = (
			);
			name = SwiftUI;
			productName = SwiftUI;
			productReference = 2838CB5A1B3418B80010D5D0 /* SwiftUI.framework */;
			productType = "com.apple.product-type.framework";
		};
/* End PBXNativeTarget section */

/* Begin PBXProject section */
		2838CB511B3418B80010D5D0 /* Project object */ = {
			isa = PBXProject;
			attributes = {
				LastSwiftUpdateCheck = 0700;
				LastUpgradeCheck = 0700;
				ORGANIZATIONNAME = SpeedUI;
				TargetAttributes = {
					1899F6E41B3C1336002F038B = {
						CreatedOnToolsVersion = 7.0;
					};
					2838CB591B3418B80010D5D0 = {
						CreatedOnToolsVersion = 7.0;
					};
				};
			};
			buildConfigurationList = 2838CB541B3418B80010D5D0 /* Build configuration list for PBXProject "SwiftUI" */;
			compatibilityVersion = "Xcode 3.2";
			developmentRegion = English;
			hasScannedForEncodings = 0;
			knownRegions = (
				en,
			);
			mainGroup = 2838CB501B3418B80010D5D0;
			productRefGroup = 2838CB5B1B3418B80010D5D0 /* Products */;
			projectDirPath = "";
			projectRoot = "";
			targets = (
				2838CB591B3418B80010D5D0 /* SwiftUI */,
				1899F6E41B3C1336002F038B /* SwiftUI Tests */,
			);
		};
/* End PBXProject section */

/* Begin PBXResourcesBuildPhase section */
		1899F6E31B3C1336002F038B /* Resources */ = {
			isa = PBXResourcesBuildPhase;
			buildActionMask = 2147483647;
			files = (
				1899F7241B3C1398002F038B /* SPTitleTestNibCell.xib in Resources */,
				1899F71F1B3C1398002F038B /* SPTestStoryboard.storyboard in Resources */,
				1899F7191B3C1398002F038B /* SPTitleTestCCell.xib in Resources */,
			);
			runOnlyForDeploymentPostprocessing = 0;
		};
		2838CB581B3418B80010D5D0 /* Resources */ = {
			isa = PBXResourcesBuildPhase;
			buildActionMask = 2147483647;
			files = (
			);
			runOnlyForDeploymentPostprocessing = 0;
		};
/* End PBXResourcesBuildPhase section */

/* Begin PBXSourcesBuildPhase section */
		1899F6E11B3C1336002F038B /* Sources */ = {
			isa = PBXSourcesBuildPhase;
			buildActionMask = 2147483647;
			files = (
				1899F7101B3C1398002F038B /* SPCollectionViewDatasourceTests.swift in Sources */,
				1899F71D1B3C1398002F038B /* SPListingSectionTests.swift in Sources */,
				1899F7231B3C1398002F038B /* SPTitleTestCell.swift in Sources */,
				1899F7111B3C1398002F038B /* SPCollectionViewLayoutTests.swift in Sources */,
				1899F71C1B3C1398002F038B /* SPListingDataTests.swift in Sources */,
				1899F7171B3C1398002F038B /* SPFixedColumnRowVerticalLayoutTests.swift in Sources */,
				1899F7181B3C1398002F038B /* SPTitleTestCCell.swift in Sources */,
				1899F7161B3C1398002F038B /* SPFixedColumnRowLayoutTests.swift in Sources */,
				1899F7221B3C1398002F038B /* SPTableViewTestVC.swift in Sources */,
				1899F7211B3C1398002F038B /* SPTableViewTests.swift in Sources */,
				1899F71E1B3C1398002F038B /* SPTableViewSectionTests.swift in Sources */,
				1899F71B1B3C1398002F038B /* SPListingCellGroupTests.swift in Sources */,
				1899F71A1B3C1398002F038B /* SPCollectionViewSectionTests.swift in Sources */,
				1899F7151B3C1398002F038B /* SPFixedColumnRowHorizontalLayoutTests.swift in Sources */,
				1899F7121B3C1398002F038B /* SPCollectionViewTests.swift in Sources */,
				1899F7141B3C1398002F038B /* SPColumnBasedVerticalLayoutTests.swift in Sources */,
				1899F7201B3C1398002F038B /* SPTableViewDataSourceTests.swift in Sources */,
				1899F7131B3C1398002F038B /* SPCollectionViewTestVC.swift in Sources */,
			);
			runOnlyForDeploymentPostprocessing = 0;
		};
		2838CB551B3418B80010D5D0 /* Sources */ = {
			isa = PBXSourcesBuildPhase;
			buildActionMask = 2147483647;
			files = (
				2838CBB81B3419820010D5D0 /* SPTable+RegisterCells.swift in Sources */,
				2838CBB41B3419820010D5D0 /* SPCollectionViewDataSource.swift in Sources */,
				2838CBA31B3419820010D5D0 /* SPCollectionView.swift in Sources */,
				2838CBAD1B3419820010D5D0 /* SPFixedColumnRowVerticalLayout.swift in Sources */,
				2838CBAC1B3419820010D5D0 /* SPFixedColumnRowLayoutDelegate.swift in Sources */,
				2838CBB91B3419820010D5D0 /* SPTableView.swift in Sources */,
				2838CBB11B3419820010D5D0 /* SPListingColumnBasedLayoutInvalidationContext.swift in Sources */,
				181E639F1B41174800519B92 /* SPListingViewType.swift in Sources */,
				2838CBC41B3419820010D5D0 /* SPUIHelper.swift in Sources */,
				2838CBAE1B3419820010D5D0 /* SPFixedColumnRowVerticalLayoutDelegate.swift in Sources */,
				2838CBAF1B3419820010D5D0 /* SPListingColumnBasedLayout.swift in Sources */,
				2838CBC31B3419820010D5D0 /* SPLogger.swift in Sources */,
				2838CBA91B3419820010D5D0 /* SPFixedColumnRowHorizontalLayout.swift in Sources */,
				28DF814C1B3D8BB50013E090 /* ListingData.swift in Sources */,
				2838CBA51B3419820010D5D0 /* SPCollectionViewLayoutDelegate.swift in Sources */,
				2838CBB21B3419820010D5D0 /* SPStraightLayout.swift in Sources */,
				2838CBB71B3419820010D5D0 /* SPTableViewDatasource.swift in Sources */,
				28DF814A1B3D8BB50013E090 /* ArrayWrapperType.swift in Sources */,
				28DF814E1B3D8BB50013E090 /* TableViewSection.swift in Sources */,
				28DF814B1B3D8BB50013E090 /* CollectionViewSection.swift in Sources */,
				2838CBA41B3419820010D5D0 /* SPCollectionViewLayout.swift in Sources */,
				2838CBAB1B3419820010D5D0 /* SPFixedColumnRowLayout.swift in Sources */,
				28DF814D1B3D8BB50013E090 /* SectionType.swift in Sources */,
				2838CBB31B3419820010D5D0 /* SPStraightVerticalLayout.swift in Sources */,
				2838CBA71B3419820010D5D0 /* SPColumnBasedSpaceOptimizedVerticalLayoutDelegate.swift in Sources */,
				2838CBAA1B3419820010D5D0 /* SPFixedColumnRowHorizontalLayoutDelegate.swift in Sources */,
				2838CBA61B3419820010D5D0 /* SPColumnBasedSpaceOptimizedVerticalLayout.swift in Sources */,
				2838CBBF1B3419820010D5D0 /* SPCellProtocol.swift in Sources */,
				28DF814F1B3D8BB50013E090 /* ViewModelType.swift in Sources */,
				2838CBB01B3419820010D5D0 /* SPListingColumnBasedLayoutDelegate.swift in Sources */,
				2838CBA81B3419820010D5D0 /* SPColumnBasedVerticalLayoutDelegate.swift in Sources */,
				2838CBC21B3419820010D5D0 /* SPSegmentControllerHolderController.swift in Sources */,
			);
			runOnlyForDeploymentPostprocessing = 0;
		};
/* End PBXSourcesBuildPhase section */

/* Begin PBXTargetDependency section */
		1899F6EC1B3C1336002F038B /* PBXTargetDependency */ = {
			isa = PBXTargetDependency;
			target = 2838CB591B3418B80010D5D0 /* SwiftUI */;
			targetProxy = 1899F6EB1B3C1336002F038B /* PBXContainerItemProxy */;
		};
/* End PBXTargetDependency section */

/* Begin XCBuildConfiguration section */
		1899F6ED1B3C1336002F038B /* Debug */ = {
			isa = XCBuildConfiguration;
			buildSettings = {
				INFOPLIST_FILE = "SwiftUI Tests/Info.plist";
				IPHONEOS_DEPLOYMENT_TARGET = 9.0;
				LD_RUNPATH_SEARCH_PATHS = "$(inherited) @executable_path/Frameworks @loader_path/Frameworks";
				PRODUCT_BUNDLE_IDENTIFIER = "com.speedui.SwiftUI-Tests";
				PRODUCT_NAME = "$(TARGET_NAME)";
			};
			name = Debug;
		};
		1899F6EE1B3C1336002F038B /* Release */ = {
			isa = XCBuildConfiguration;
			buildSettings = {
				INFOPLIST_FILE = "SwiftUI Tests/Info.plist";
				IPHONEOS_DEPLOYMENT_TARGET = 9.0;
				LD_RUNPATH_SEARCH_PATHS = "$(inherited) @executable_path/Frameworks @loader_path/Frameworks";
				PRODUCT_BUNDLE_IDENTIFIER = "com.speedui.SwiftUI-Tests";
				PRODUCT_NAME = "$(TARGET_NAME)";
			};
			name = Release;
		};
		2838CB6C1B3418B90010D5D0 /* Debug */ = {
			isa = XCBuildConfiguration;
			buildSettings = {
				ALWAYS_SEARCH_USER_PATHS = NO;
				CLANG_CXX_LANGUAGE_STANDARD = "gnu++0x";
				CLANG_CXX_LIBRARY = "libc++";
				CLANG_ENABLE_MODULES = YES;
				CLANG_ENABLE_OBJC_ARC = YES;
				CLANG_WARN_BOOL_CONVERSION = YES;
				CLANG_WARN_CONSTANT_CONVERSION = YES;
				CLANG_WARN_DIRECT_OBJC_ISA_USAGE = YES_ERROR;
				CLANG_WARN_EMPTY_BODY = YES;
				CLANG_WARN_ENUM_CONVERSION = YES;
				CLANG_WARN_INT_CONVERSION = YES;
				CLANG_WARN_OBJC_ROOT_CLASS = YES_ERROR;
				CLANG_WARN_UNREACHABLE_CODE = YES;
				CLANG_WARN__DUPLICATE_METHOD_MATCH = YES;
				"CODE_SIGN_IDENTITY[sdk=iphoneos*]" = "iPhone Developer";
				COPY_PHASE_STRIP = NO;
				CURRENT_PROJECT_VERSION = 1;
				DEBUG_INFORMATION_FORMAT = dwarf;
				ENABLE_STRICT_OBJC_MSGSEND = YES;
				ENABLE_TESTABILITY = YES;
				GCC_C_LANGUAGE_STANDARD = gnu99;
				GCC_DYNAMIC_NO_PIC = NO;
				GCC_NO_COMMON_BLOCKS = YES;
				GCC_OPTIMIZATION_LEVEL = 0;
				GCC_PREPROCESSOR_DEFINITIONS = (
					"DEBUG=1",
					"$(inherited)",
				);
				GCC_WARN_64_TO_32_BIT_CONVERSION = YES;
				GCC_WARN_ABOUT_RETURN_TYPE = YES_ERROR;
				GCC_WARN_UNDECLARED_SELECTOR = YES;
				GCC_WARN_UNINITIALIZED_AUTOS = YES_AGGRESSIVE;
				GCC_WARN_UNUSED_FUNCTION = YES;
				GCC_WARN_UNUSED_VARIABLE = YES;
				IPHONEOS_DEPLOYMENT_TARGET = 7.0;
				MTL_ENABLE_DEBUG_INFO = YES;
				ONLY_ACTIVE_ARCH = YES;
				SDKROOT = iphoneos;
				SWIFT_OPTIMIZATION_LEVEL = "-Onone";
				TARGETED_DEVICE_FAMILY = "1,2";
				VERSIONING_SYSTEM = "apple-generic";
				VERSION_INFO_PREFIX = "";
			};
			name = Debug;
		};
		2838CB6D1B3418B90010D5D0 /* Release */ = {
			isa = XCBuildConfiguration;
			buildSettings = {
				ALWAYS_SEARCH_USER_PATHS = NO;
				CLANG_CXX_LANGUAGE_STANDARD = "gnu++0x";
				CLANG_CXX_LIBRARY = "libc++";
				CLANG_ENABLE_MODULES = YES;
				CLANG_ENABLE_OBJC_ARC = YES;
				CLANG_WARN_BOOL_CONVERSION = YES;
				CLANG_WARN_CONSTANT_CONVERSION = YES;
				CLANG_WARN_DIRECT_OBJC_ISA_USAGE = YES_ERROR;
				CLANG_WARN_EMPTY_BODY = YES;
				CLANG_WARN_ENUM_CONVERSION = YES;
				CLANG_WARN_INT_CONVERSION = YES;
				CLANG_WARN_OBJC_ROOT_CLASS = YES_ERROR;
				CLANG_WARN_UNREACHABLE_CODE = YES;
				CLANG_WARN__DUPLICATE_METHOD_MATCH = YES;
				"CODE_SIGN_IDENTITY[sdk=iphoneos*]" = "iPhone Developer";
				COPY_PHASE_STRIP = NO;
				CURRENT_PROJECT_VERSION = 1;
				DEBUG_INFORMATION_FORMAT = "dwarf-with-dsym";
				ENABLE_NS_ASSERTIONS = NO;
				ENABLE_STRICT_OBJC_MSGSEND = YES;
				GCC_C_LANGUAGE_STANDARD = gnu99;
				GCC_NO_COMMON_BLOCKS = YES;
				GCC_WARN_64_TO_32_BIT_CONVERSION = YES;
				GCC_WARN_ABOUT_RETURN_TYPE = YES_ERROR;
				GCC_WARN_UNDECLARED_SELECTOR = YES;
				GCC_WARN_UNINITIALIZED_AUTOS = YES_AGGRESSIVE;
				GCC_WARN_UNUSED_FUNCTION = YES;
				GCC_WARN_UNUSED_VARIABLE = YES;
				IPHONEOS_DEPLOYMENT_TARGET = 7.0;
				MTL_ENABLE_DEBUG_INFO = NO;
				SDKROOT = iphoneos;
				TARGETED_DEVICE_FAMILY = "1,2";
				VALIDATE_PRODUCT = YES;
				VERSIONING_SYSTEM = "apple-generic";
				VERSION_INFO_PREFIX = "";
			};
			name = Release;
		};
		2838CB6F1B3418B90010D5D0 /* Debug */ = {
			isa = XCBuildConfiguration;
			buildSettings = {
				CLANG_ENABLE_MODULES = YES;
				DEFINES_MODULE = YES;
				DYLIB_COMPATIBILITY_VERSION = 1;
				DYLIB_CURRENT_VERSION = 1;
				DYLIB_INSTALL_NAME_BASE = "@rpath";
				INFOPLIST_FILE = SwiftUI/Metadata/Info.plist;
				INSTALL_PATH = "$(LOCAL_LIBRARY_DIR)/Frameworks";
				IPHONEOS_DEPLOYMENT_TARGET = 7.0;
				LD_RUNPATH_SEARCH_PATHS = "$(inherited) @executable_path/Frameworks @loader_path/Frameworks";
				MACH_O_TYPE = mh_dylib;
				PRODUCT_BUNDLE_IDENTIFIER = com.speedui.SwiftUI;
				PRODUCT_NAME = "$(TARGET_NAME)";
				SKIP_INSTALL = YES;
				SWIFT_OPTIMIZATION_LEVEL = "-Onone";
			};
			name = Debug;
		};
		2838CB701B3418B90010D5D0 /* Release */ = {
			isa = XCBuildConfiguration;
			buildSettings = {
				CLANG_ENABLE_MODULES = YES;
				DEFINES_MODULE = YES;
				DYLIB_COMPATIBILITY_VERSION = 1;
				DYLIB_CURRENT_VERSION = 1;
				DYLIB_INSTALL_NAME_BASE = "@rpath";
				INFOPLIST_FILE = SwiftUI/Metadata/Info.plist;
				INSTALL_PATH = "$(LOCAL_LIBRARY_DIR)/Frameworks";
				IPHONEOS_DEPLOYMENT_TARGET = 7.0;
				LD_RUNPATH_SEARCH_PATHS = "$(inherited) @executable_path/Frameworks @loader_path/Frameworks";
				MACH_O_TYPE = mh_dylib;
				PRODUCT_BUNDLE_IDENTIFIER = com.speedui.SwiftUI;
				PRODUCT_NAME = "$(TARGET_NAME)";
				SKIP_INSTALL = YES;
			};
			name = Release;
		};
/* End XCBuildConfiguration section */

/* Begin XCConfigurationList section */
		1899F6EF1B3C1336002F038B /* Build configuration list for PBXNativeTarget "SwiftUI Tests" */ = {
			isa = XCConfigurationList;
			buildConfigurations = (
				1899F6ED1B3C1336002F038B /* Debug */,
				1899F6EE1B3C1336002F038B /* Release */,
			);
			defaultConfigurationIsVisible = 0;
			defaultConfigurationName = Release;
		};
		2838CB541B3418B80010D5D0 /* Build configuration list for PBXProject "SwiftUI" */ = {
			isa = XCConfigurationList;
			buildConfigurations = (
				2838CB6C1B3418B90010D5D0 /* Debug */,
				2838CB6D1B3418B90010D5D0 /* Release */,
			);
			defaultConfigurationIsVisible = 0;
			defaultConfigurationName = Release;
		};
		2838CB6E1B3418B90010D5D0 /* Build configuration list for PBXNativeTarget "SwiftUI" */ = {
			isa = XCConfigurationList;
			buildConfigurations = (
				2838CB6F1B3418B90010D5D0 /* Debug */,
				2838CB701B3418B90010D5D0 /* Release */,
			);
			defaultConfigurationIsVisible = 0;
			defaultConfigurationName = Release;
		};
/* End XCConfigurationList section */
	};
	rootObject = 2838CB511B3418B80010D5D0 /* Project object */;
}
